
Microsoft Visual Studio Solution File, Format Version 12.00
# Visual Studio Version 17
VisualStudioVersion = 17.14.36221.1 d17.14
MinimumVisualStudioVersion = 10.0.40219.1
Project("{FAE04EC0-301F-11D3-BF4B-00C04F79EFBC}") = "RemocaoFundo", "RemocaoFundo.csproj", "{EC871BB4-12AA-1280-0E31-BDCB6DF27049}"
EndProject
Global
	GlobalSection(SolutionConfigurationPlatforms) = preSolution
		Debug|Any CPU = Debug|Any CPU
		Release|Any CPU = Release|Any CPU
	EndGlobalSection
	GlobalSection(ProjectConfigurationPlatforms) = postSolution
		{EC871BB4-12AA-1280-0E31-BDCB6DF27049}.Debug|Any CPU.ActiveCfg = Debug|Any CPU
		{EC871BB4-12AA-1280-0E31-BDCB6DF27049}.Debug|Any CPU.Build.0 = Debug|Any CPU
		{EC871BB4-12AA-1280-0E31-BDCB6DF27049}.Release|Any CPU.ActiveCfg = Release|Any CPU
		{EC871BB4-12AA-1280-0E31-BDCB6DF27049}.Release|Any CPU.Build.0 = Release|Any CPU
	EndGlobalSection
	GlobalSection(SolutionProperties) = preSolution
		HideSolutionNode = FALSE
	EndGlobalSection
	GlobalSection(ExtensibilityGlobals) = postSolution
		SolutionGuid = {54EAD230-0BF5-44CB-9127-6088F15B2B40}
	EndGlobalSection
EndGlobal
